// !$*UTF8*$!
{
	archiveVersion = 1;
	classes = {
	};
	objectVersion = 56;
	objects = {

/* Begin PBXBuildFile section */
		431BCB302A7A7D1B00237AD1 /* AppDelegate.m in Sources */ = {isa = PBXBuildFile; fileRef = 431BCB2F2A7A7D1B00237AD1 /* AppDelegate.m */; };
		431BCB332A7A7D1B00237AD1 /* SceneDelegate.m in Sources */ = {isa = PBXBuildFile; fileRef = 431BCB322A7A7D1B00237AD1 /* SceneDelegate.m */; };
		431BCB362A7A7D1B00237AD1 /* ViewController.m in Sources */ = {isa = PBXBuildFile; fileRef = 431BCB352A7A7D1B00237AD1 /* ViewController.m */; };
		431BCB392A7A7D1B00237AD1 /* Main.storyboard in Resources */ = {isa = PBXBuildFile; fileRef = 431BCB372A7A7D1B00237AD1 /* Main.storyboard */; };
		431BCB3B2A7A7D1C00237AD1 /* Assets.xcassets in Resources */ = {isa = PBXBuildFile; fileRef = 431BCB3A2A7A7D1C00237AD1 /* Assets.xcassets */; };
		431BCB3E2A7A7D1C00237AD1 /* LaunchScreen.storyboard in Resources */ = {isa = PBXBuildFile; fileRef = 431BCB3C2A7A7D1C00237AD1 /* LaunchScreen.storyboard */; };
		431BCB412A7A7D1C00237AD1 /* main.m in Sources */ = {isa = PBXBuildFile; fileRef = 431BCB402A7A7D1C00237AD1 /* main.m */; };
/* End PBXBuildFile section */

/* Begin PBXFileReference section */
		431BCB2B2A7A7D1B00237AD1 /* ObjectiveCLesson.app */ = {isa = PBXFileReference; explicitFileType = wrapper.application; includeInIndex = 0; path = ObjectiveCLesson.app; sourceTree = BUILT_PRODUCTS_DIR; };
		431BCB2E2A7A7D1B00237AD1 /* AppDelegate.h */ = {isa = PBXFileReference; lastKnownFileType = sourcecode.c.h; path = AppDelegate.h; sourceTree = "<group>"; };
		431BCB2F2A7A7D1B00237AD1 /* AppDelegate.m */ = {isa = PBXFileReference; lastKnownFileType = sourcecode.c.objc; path = AppDelegate.m; sourceTree = "<group>"; };
		431BCB312A7A7D1B00237AD1 /* SceneDelegate.h */ = {isa = PBXFileReference; lastKnownFileType = sourcecode.c.h; path = SceneDelegate.h; sourceTree = "<group>"; };
		431BCB322A7A7D1B00237AD1 /* SceneDelegate.m */ = {isa = PBXFileReference; lastKnownFileType = sourcecode.c.objc; path = SceneDelegate.m; sourceTree = "<group>"; };
		431BCB342A7A7D1B00237AD1 /* ViewController.h */ = {isa = PBXFileReference; lastKnownFileType = sourcecode.c.h; path = ViewController.h; sourceTree = "<group>"; };
		431BCB352A7A7D1B00237AD1 /* ViewController.m */ = {isa = PBXFileReference; lastKnownFileType = sourcecode.c.objc; path = ViewController.m; sourceTree = "<group>"; };
		431BCB382A7A7D1B00237AD1 /* Base */ = {isa = PBXFileReference; lastKnownFileType = file.storyboard; name = Base; path = Base.lproj/Main.storyboard; sourceTree = "<group>"; };
		431BCB3A2A7A7D1C00237AD1 /* Assets.xcassets */ = {isa = PBXFileReference; lastKnownFileType = folder.assetcatalog; path = Assets.xcassets; sourceTree = "<group>"; };
		431BCB3D2A7A7D1C00237AD1 /* Base */ = {isa = PBXFileReference; lastKnownFileType = file.storyboard; name = Base; path = Base.lproj/LaunchScreen.storyboard; sourceTree = "<group>"; };
		431BCB3F2A7A7D1C00237AD1 /* Info.plist */ = {isa = PBXFileReference; lastKnownFileType = text.plist.xml; path = Info.plist; sourceTree = "<group>"; };
		431BCB402A7A7D1C00237AD1 /* main.m */ = {isa = PBXFileReference; lastKnownFileType = sourcecode.c.objc; path = main.m; sourceTree = "<group>"; };
/* End PBXFileReference section */

/* Begin PBXFrameworksBuildPhase section */
		431BCB282A7A7D1B00237AD1 /* Frameworks */ = {
			isa = PBXFrameworksBuildPhase;
			buildActionMask = 2147483647;
			files = (
			);
			runOnlyForDeploymentPostprocessing = 0;
		};
/* End PBXFrameworksBuildPhase section */

/* Begin PBXGroup section */
		431BCB222A7A7D1B00237AD1 = {
			isa = PBXGroup;
			children = (
				431BCB2D2A7A7D1B00237AD1 /* ObjectiveCLesson */,
				431BCB2C2A7A7D1B00237AD1 /* Products */,
			);
			sourceTree = "<group>";
		};
		431BCB2C2A7A7D1B00237AD1 /* Products */ = {
			isa = PBXGroup;
			children = (
				431BCB2B2A7A7D1B00237AD1 /* ObjectiveCLesson.app */,
			);
			name = Products;
			sourceTree = "<group>";
		};
		431BCB2D2A7A7D1B00237AD1 /* ObjectiveCLesson */ = {
			isa = PBXGroup;
			children = (
				431BCB2E2A7A7D1B00237AD1 /* AppDelegate.h */,
				431BCB2F2A7A7D1B00237AD1 /* AppDelegate.m */,
				431BCB312A7A7D1B00237AD1 /* SceneDelegate.h */,
				431BCB322A7A7D1B00237AD1 /* SceneDelegate.m */,
				431BCB342A7A7D1B00237AD1 /* ViewController.h */,
				431BCB352A7A7D1B00237AD1 /* ViewController.m */,
				431BCB372A7A7D1B00237AD1 /* Main.storyboard */,
				431BCB3A2A7A7D1C00237AD1 /* Assets.xcassets */,
				431BCB3C2A7A7D1C00237AD1 /* LaunchScreen.storyboard */,
				431BCB3F2A7A7D1C00237AD1 /* Info.plist */,
				431BCB402A7A7D1C00237AD1 /* main.m */,
			);
			path = ObjectiveCLesson;
			sourceTree = "<group>";
		};
/* End PBXGroup section */

/* Begin PBXNativeTarget section */
		431BCB2A2A7A7D1B00237AD1 /* ObjectiveCLesson */ = {
			isa = PBXNativeTarget;
			buildConfigurationList = 431BCB442A7A7D1C00237AD1 /* Build configuration list for PBXNativeTarget "ObjectiveCLesson" */;
			buildPhases = (
				431BCB272A7A7D1B00237AD1 /* Sources */,
				431BCB282A7A7D1B00237AD1 /* Frameworks */,
				431BCB292A7A7D1B00237AD1 /* Resources */,
			);
			buildRules = (
			);
			dependencies = (
			);
			name = ObjectiveCLesson;
			productName = ObjectiveCLesson;
			productReference = 431BCB2B2A7A7D1B00237AD1 /* ObjectiveCLesson.app */;
			productType = "com.apple.product-type.application";
		};
/* End PBXNativeTarget section */

/* Begin PBXProject section */
		431BCB232A7A7D1B00237AD1 /* Project object */ = {
			isa = PBXProject;
			attributes = {
				BuildIndependentTargetsInParallel = 1;
				LastUpgradeCheck = 1430;
				TargetAttributes = {
					431BCB2A2A7A7D1B00237AD1 = {
						CreatedOnToolsVersion = 14.3.1;
					};
				};
			};
			buildConfigurationList = 431BCB262A7A7D1B00237AD1 /* Build configuration list for PBXProject "ObjectiveCLesson" */;
			compatibilityVersion = "Xcode 14.0";
			developmentRegion = en;
			hasScannedForEncodings = 0;
			knownRegions = (
				en,
				Base,
			);
			mainGroup = 431BCB222A7A7D1B00237AD1;
			productRefGroup = 431BCB2C2A7A7D1B00237AD1 /* Products */;
			projectDirPath = "";
			projectRoot = "";
			targets = (
				431BCB2A2A7A7D1B00237AD1 /* ObjectiveCLesson */,
			);
		};
/* End PBXProject section */

/* Begin PBXResourcesBuildPhase section */
		431BCB292A7A7D1B00237AD1 /* Resources */ = {
			isa = PBXResourcesBuildPhase;
			buildActionMask = 2147483647;
			files = (
				431BCB3E2A7A7D1C00237AD1 /* LaunchScreen.storyboard in Resources */,
				431BCB3B2A7A7D1C00237AD1 /* Assets.xcassets in Resources */,
				431BCB392A7A7D1B00237AD1 /* Main.storyboard in Resources */,
			);
			runOnlyForDeploymentPostprocessing = 0;
		};
/* End PBXResourcesBuildPhase section */

/* Begin PBXSourcesBuildPhase section */
		431BCB272A7A7D1B00237AD1 /* Sources */ = {
			isa = PBXSourcesBuildPhase;
			buildActionMask = 2147483647;
			files = (
				431BCB362A7A7D1B00237AD1 /* ViewController.m in Sources */,
				431BCB302A7A7D1B00237AD1 /* AppDelegate.m in Sources */,
				431BCB412A7A7D1C00237AD1 /* main.m in Sources */,
				431BCB332A7A7D1B00237AD1 /* SceneDelegate.m in Sources */,
			);
			runOnlyForDeploymentPostprocessing = 0;
		};
/* End PBXSourcesBuildPhase section */

/* Begin PBXVariantGroup section */
		431BCB372A7A7D1B00237AD1 /* Main.storyboard */ = {
			isa = PBXVariantGroup;
			children = (
				431BCB382A7A7D1B00237AD1 /* Base */,
			);
			name = Main.storyboard;
			sourceTree = "<group>";
		};
		431BCB3C2A7A7D1C00237AD1 /* LaunchScreen.storyboard */ = {
			isa = PBXVariantGroup;
			children = (
				431BCB3D2A7A7D1C00237AD1 /* Base */,
			);
			name = LaunchScreen.storyboard;
			sourceTree = "<group>";
		};
/* End PBXVariantGroup section */

/* Begin XCBuildConfiguration section */
		431BCB422A7A7D1C00237AD1 /* Debug */ = {
			isa = XCBuildConfiguration;
			buildSettings = {
				ALWAYS_SEARCH_USER_PATHS = NO;
				CLANG_ANALYZER_NONNULL = YES;
				CLANG_ANALYZER_NUMBER_OBJECT_CONVERSION = YES_AGGRESSIVE;
				CLANG_CXX_LANGUAGE_STANDARD = "gnu++20";
				CLANG_ENABLE_MODULES = YES;
				CLANG_ENABLE_OBJC_ARC = YES;
				CLANG_ENABLE_OBJC_WEAK = YES;
				CLANG_WARN_BLOCK_CAPTURE_AUTORELEASING = YES;
				CLANG_WARN_BOOL_CONVERSION = YES;
				CLANG_WARN_COMMA = YES;
				CLANG_WARN_CONSTANT_CONVERSION = YES;
				CLANG_WARN_DEPRECATED_OBJC_IMPLEMENTATIONS = YES;
				CLANG_WARN_DIRECT_OBJC_ISA_USAGE = YES_ERROR;
				CLANG_WARN_DOCUMENTATION_COMMENTS = YES;
				CLANG_WARN_EMPTY_BODY = YES;
				CLANG_WARN_ENUM_CONVERSION = YES;
				CLANG_WARN_INFINITE_RECURSION = YES;
				CLANG_WARN_INT_CONVERSION = YES;
				CLANG_WARN_NON_LITERAL_NULL_CONVERSION = YES;
				CLANG_WARN_OBJC_IMPLICIT_RETAIN_SELF = YES;
				CLANG_WARN_OBJC_LITERAL_CONVERSION = YES;
				CLANG_WARN_OBJC_ROOT_CLASS = YES_ERROR;
				CLANG_WARN_QUOTED_INCLUDE_IN_FRAMEWORK_HEADER = YES;
				CLANG_WARN_RANGE_LOOP_ANALYSIS = YES;
				CLANG_WARN_STRICT_PROTOTYPES = YES;
				CLANG_WARN_SUSPICIOUS_MOVE = YES;
				CLANG_WARN_UNGUARDED_AVAILABILITY = YES_AGGRESSIVE;
				CLANG_WARN_UNREACHABLE_CODE = YES;
				CLANG_WARN__DUPLICATE_METHOD_MATCH = YES;
				COPY_PHASE_STRIP = NO;
				DEBUG_INFORMATION_FORMAT = dwarf;
				ENABLE_STRICT_OBJC_MSGSEND = YES;
				ENABLE_TESTABILITY = YES;
				GCC_C_LANGUAGE_STANDARD = gnu11;
				GCC_DYNAMIC_NO_PIC = NO;
				GCC_NO_COMMON_BLOCKS = YES;
				GCC_OPTIMIZATION_LEVEL = 0;
				GCC_PREPROCESSOR_DEFINITIONS = (
					"DEBUG=1",
					"$(inherited)",
				);
				GCC_WARN_64_TO_32_BIT_CONVERSION = YES;
				GCC_WARN_ABOUT_RETURN_TYPE = YES_ERROR;
				GCC_WARN_UNDECLARED_SELECTOR = YES;
				GCC_WARN_UNINITIALIZED_AUTOS = YES_AGGRESSIVE;
				GCC_WARN_UNUSED_FUNCTION = YES;
				GCC_WARN_UNUSED_VARIABLE = YES;
				IPHONEOS_DEPLOYMENT_TARGET = 16.4;
				MTL_ENABLE_DEBUG_INFO = INCLUDE_SOURCE;
				MTL_FAST_MATH = YES;
				ONLY_ACTIVE_ARCH = YES;
				SDKROOT = iphoneos;
			};
			name = Debug;
		};
		431BCB432A7A7D1C00237AD1 /* Release */ = {
			isa = XCBuildConfiguration;
			buildSettings = {
				ALWAYS_SEARCH_USER_PATHS = NO;
				CLANG_ANALYZER_NONNULL = YES;
				CLANG_ANALYZER_NUMBER_OBJECT_CONVERSION = YES_AGGRESSIVE;
				CLANG_CXX_LANGUAGE_STANDARD = "gnu++20";
				CLANG_ENABLE_MODULES = YES;
				CLANG_ENABLE_OBJC_ARC = YES;
				CLANG_ENABLE_OBJC_WEAK = YES;
				CLANG_WARN_BLOCK_CAPTURE_AUTORELEASING = YES;
				CLANG_WARN_BOOL_CONVERSION = YES;
				CLANG_WARN_COMMA = YES;
				CLANG_WARN_CONSTANT_CONVERSION = YES;
				CLANG_WARN_DEPRECATED_OBJC_IMPLEMENTATIONS = YES;
				CLANG_WARN_DIRECT_OBJC_ISA_USAGE = YES_ERROR;
				CLANG_WARN_DOCUMENTATION_COMMENTS = YES;
				CLANG_WARN_EMPTY_BODY = YES;
				CLANG_WARN_ENUM_CONVERSION = YES;
				CLANG_WARN_INFINITE_RECURSION = YES;
				CLANG_WARN_INT_CONVERSION = YES;
				CLANG_WARN_NON_LITERAL_NULL_CONVERSION = YES;
				CLANG_WARN_OBJC_IMPLICIT_RETAIN_SELF = YES;
				CLANG_WARN_OBJC_LITERAL_CONVERSION = YES;
				CLANG_WARN_OBJC_ROOT_CLASS = YES_ERROR;
				CLANG_WARN_QUOTED_INCLUDE_IN_FRAMEWORK_HEADER = YES;
				CLANG_WARN_RANGE_LOOP_ANALYSIS = YES;
				CLANG_WARN_STRICT_PROTOTYPES = YES;
				CLANG_WARN_SUSPICIOUS_MOVE = YES;
				CLANG_WARN_UNGUARDED_AVAILABILITY = YES_AGGRESSIVE;
				CLANG_WARN_UNREACHABLE_CODE = YES;
				CLANG_WARN__DUPLICATE_METHOD_MATCH = YES;
				COPY_PHASE_STRIP = NO;
				DEBUG_INFORMATION_FORMAT = "dwarf-with-dsym";
				ENABLE_NS_ASSERTIONS = NO;
				ENABLE_STRICT_OBJC_MSGSEND = YES;
				GCC_C_LANGUAGE_STANDARD = gnu11;
				GCC_NO_COMMON_BLOCKS = YES;
				GCC_WARN_64_TO_32_BIT_CONVERSION = YES;
				GCC_WARN_ABOUT_RETURN_TYPE = YES_ERROR;
				GCC_WARN_UNDECLARED_SELECTOR = YES;
				GCC_WARN_UNINITIALIZED_AUTOS = YES_AGGRESSIVE;
				GCC_WARN_UNUSED_FUNCTION = YES;
				GCC_WARN_UNUSED_VARIABLE = YES;
				IPHONEOS_DEPLOYMENT_TARGET = 16.4;
				MTL_ENABLE_DEBUG_INFO = NO;
				MTL_FAST_MATH = YES;
				SDKROOT = iphoneos;
				VALIDATE_PRODUCT = YES;
			};
			name = Release;
		};
		431BCB452A7A7D1C00237AD1 /* Debug */ = {
			isa = XCBuildConfiguration;
			buildSettings = {
				ASSETCATALOG_COMPILER_APPICON_NAME = AppIcon;
				ASSETCATALOG_COMPILER_GLOBAL_ACCENT_COLOR_NAME = AccentColor;
				CODE_SIGN_STYLE = Automatic;
				CURRENT_PROJECT_VERSION = 1;
				DEVELOPMENT_TEAM = LW3THBZ2Y7;
				GENERATE_INFOPLIST_FILE = YES;
				INFOPLIST_FILE = ObjectiveCLesson/Info.plist;
				INFOPLIST_KEY_UIApplicationSupportsIndirectInputEvents = YES;
				INFOPLIST_KEY_UILaunchStoryboardName = LaunchScreen;
				INFOPLIST_KEY_UIMainStoryboardFile = Main;
				INFOPLIST_KEY_UISupportedInterfaceOrientations_iPad = "UIInterfaceOrientationPortrait UIInterfaceOrientationPortraitUpsideDown UIInterfaceOrientationLandscapeLeft UIInterfaceOrientationLandscapeRight";
				INFOPLIST_KEY_UISupportedInterfaceOrientations_iPhone = "UIInterfaceOrientationPortrait UIInterfaceOrientationLandscapeLeft UIInterfaceOrientationLandscapeRight";
				LD_RUNPATH_SEARCH_PATHS = (
					"$(inherited)",
					"@executable_path/Frameworks",
				);
				MARKETING_VERSION = 1.0;
				PRODUCT_BUNDLE_IDENTIFIER = com.studioKaori.ObjectiveCLesson;
				PRODUCT_NAME = "$(TARGET_NAME)";
				SWIFT_EMIT_LOC_STRINGS = YES;
				TARGETED_DEVICE_FAMILY = "1,2";
			};
			name = Debug;
		};
		431BCB462A7A7D1C00237AD1 /* Release */ = {
			isa = XCBuildConfiguration;
			buildSettings = {
				ASSETCATALOG_COMPILER_APPICON_NAME = AppIcon;
				ASSETCATALOG_COMPILER_GLOBAL_ACCENT_COLOR_NAME = AccentColor;
				CODE_SIGN_STYLE = Automatic;
				CURRENT_PROJECT_VERSION = 1;
				DEVELOPMENT_TEAM = LW3THBZ2Y7;
				GENERATE_INFOPLIST_FILE = YES;
				INFOPLIST_FILE = ObjectiveCLesson/Info.plist;
				INFOPLIST_KEY_UIApplicationSupportsIndirectInputEvents = YES;
				INFOPLIST_KEY_UILaunchStoryboardName = LaunchScreen;
				INFOPLIST_KEY_UIMainStoryboardFile = Main;
				INFOPLIST_KEY_UISupportedInterfaceOrientations_iPad = "UIInterfaceOrientationPortrait UIInterfaceOrientationPortraitUpsideDown UIInterfaceOrientationLandscapeLeft UIInterfaceOrientationLandscapeRight";
				INFOPLIST_KEY_UISupportedInterfaceOrientations_iPhone = "UIInterfaceOrientationPortrait UIInterfaceOrientationLandscapeLeft UIInterfaceOrientationLandscapeRight";
				LD_RUNPATH_SEARCH_PATHS = (
					"$(inherited)",
					"@executable_path/Frameworks",
				);
				MARKETING_VERSION = 1.0;
				PRODUCT_BUNDLE_IDENTIFIER = com.studioKaori.ObjectiveCLesson;
				PRODUCT_NAME = "$(TARGET_NAME)";
				SWIFT_EMIT_LOC_STRINGS = YES;
				TARGETED_DEVICE_FAMILY = "1,2";
			};
			name = Release;
		};
/* End XCBuildConfiguration section */

/* Begin XCConfigurationList section */
		431BCB262A7A7D1B00237AD1 /* Build configuration list for PBXProject "ObjectiveCLesson" */ = {
			isa = XCConfigurationList;
			buildConfigurations = (
				431BCB422A7A7D1C00237AD1 /* Debug */,
				431BCB432A7A7D1C00237AD1 /* Release */,
			);
			defaultConfigurationIsVisible = 0;
			defaultConfigurationName = Release;
		};
		431BCB442A7A7D1C00237AD1 /* Build configuration list for PBXNativeTarget "ObjectiveCLesson" */ = {
			isa = XCConfigurationList;
			buildConfigurations = (
				431BCB452A7A7D1C00237AD1 /* Debug */,
				431BCB462A7A7D1C00237AD1 /* Release */,
			);
			defaultConfigurationIsVisible = 0;
			defaultConfigurationName = Release;
		};
/* End XCConfigurationList section */
	};
	rootObject = 431BCB232A7A7D1B00237AD1 /* Project object */;
}
